
Microsoft Visual Studio Solution File, Format Version 12.00
# Visual Studio Version 17
VisualStudioVersion = 17.13.35825.156 d17.13
MinimumVisualStudioVersion = 10.0.40219.1
Project("{888888A0-9F3D-457C-B088-3A5042F75D52}") = "fast_api", "fast_api.pyproj", "{46D768C1-40F7-4868-A0BC-96EEB7A52871}"
EndProject
Global
	GlobalSection(SolutionConfigurationPlatforms) = preSolution
		Debug|Any CPU = Debug|Any CPU
		Release|Any CPU = Release|Any CPU
	EndGlobalSection
	GlobalSection(ProjectConfigurationPlatforms) = postSolution
		{46D768C1-40F7-4868-A0BC-96EEB7A52871}.Debug|Any CPU.ActiveCfg = Debug|Any CPU
		{46D768C1-40F7-4868-A0BC-96EEB7A52871}.Release|Any CPU.ActiveCfg = Release|Any CPU
	EndGlobalSection
	GlobalSection(SolutionProperties) = preSolution
		HideSolutionNode = FALSE
	EndGlobalSection
	GlobalSection(ExtensibilityGlobals) = postSolution
		SolutionGuid = {B637F565-8CB0-42EE-90C8-6982F9F59F19}
	EndGlobalSection
EndGlobal
